
Microsoft Visual Studio Solution File, Format Version 12.00
# Visual Studio Version 16
VisualStudioVersion = 16.0.31112.23
MinimumVisualStudioVersion = 10.0.40219.1
Project("{FAE04EC0-301F-11D3-BF4B-00C04F79EFBC}") = "homeworkClass02", "homeworkClass02\homeworkClass02.csproj", "{B41635EF-FB6E-4418-BF67-CB1AF4A57480}"
EndProject
Project("{FAE04EC0-301F-11D3-BF4B-00C04F79EFBC}") = "AverageNumber", "AverageNumber\AverageNumber.csproj", "{116E34FA-3B75-441C-B05B-62D529342896}"
EndProject
Project("{FAE04EC0-301F-11D3-BF4B-00C04F79EFBC}") = "SwapNumbers", "SwapNumbers\SwapNumbers.csproj", "{A67A69AB-8E7B-4228-AB96-076613C5607A}"
EndProject
Project("{FAE04EC0-301F-11D3-BF4B-00C04F79EFBC}") = "Task4", "Task4\Task4.csproj", "{34EDADAA-88E4-4703-98D3-3E66FDA7BB82}"
EndProject
Project("{FAE04EC0-301F-11D3-BF4B-00C04F79EFBC}") = "RealCalculator", "RealCalculator\RealCalculator.csproj", "{66061B1D-AF21-4F9D-80A0-AFA61F977EDB}"
EndProject
Global
	GlobalSection(SolutionConfigurationPlatforms) = preSolution
		Debug|Any CPU = Debug|Any CPU
		Release|Any CPU = Release|Any CPU
	EndGlobalSection
	GlobalSection(ProjectConfigurationPlatforms) = postSolution
		{B41635EF-FB6E-4418-BF67-CB1AF4A57480}.Debug|Any CPU.ActiveCfg = Debug|Any CPU
		{B41635EF-FB6E-4418-BF67-CB1AF4A57480}.Debug|Any CPU.Build.0 = Debug|Any CPU
		{B41635EF-FB6E-4418-BF67-CB1AF4A57480}.Release|Any CPU.ActiveCfg = Release|Any CPU
		{B41635EF-FB6E-4418-BF67-CB1AF4A57480}.Release|Any CPU.Build.0 = Release|Any CPU
		{116E34FA-3B75-441C-B05B-62D529342896}.Debug|Any CPU.ActiveCfg = Debug|Any CPU
		{116E34FA-3B75-441C-B05B-62D529342896}.Debug|Any CPU.Build.0 = Debug|Any CPU
		{116E34FA-3B75-441C-B05B-62D529342896}.Release|Any CPU.ActiveCfg = Release|Any CPU
		{116E34FA-3B75-441C-B05B-62D529342896}.Release|Any CPU.Build.0 = Release|Any CPU
		{A67A69AB-8E7B-4228-AB96-076613C5607A}.Debug|Any CPU.ActiveCfg = Debug|Any CPU
		{A67A69AB-8E7B-4228-AB96-076613C5607A}.Debug|Any CPU.Build.0 = Debug|Any CPU
		{A67A69AB-8E7B-4228-AB96-076613C5607A}.Release|Any CPU.ActiveCfg = Release|Any CPU
		{A67A69AB-8E7B-4228-AB96-076613C5607A}.Release|Any CPU.Build.0 = Release|Any CPU
		{34EDADAA-88E4-4703-98D3-3E66FDA7BB82}.Debug|Any CPU.ActiveCfg = Debug|Any CPU
		{34EDADAA-88E4-4703-98D3-3E66FDA7BB82}.Debug|Any CPU.Build.0 = Debug|Any CPU
		{34EDADAA-88E4-4703-98D3-3E66FDA7BB82}.Release|Any CPU.ActiveCfg = Release|Any CPU
		{34EDADAA-88E4-4703-98D3-3E66FDA7BB82}.Release|Any CPU.Build.0 = Release|Any CPU
		{66061B1D-AF21-4F9D-80A0-AFA61F977EDB}.Debug|Any CPU.ActiveCfg = Debug|Any CPU
		{66061B1D-AF21-4F9D-80A0-AFA61F977EDB}.Debug|Any CPU.Build.0 = Debug|Any CPU
		{66061B1D-AF21-4F9D-80A0-AFA61F977EDB}.Release|Any CPU.ActiveCfg = Release|Any CPU
		{66061B1D-AF21-4F9D-80A0-AFA61F977EDB}.Release|Any CPU.Build.0 = Release|Any CPU
	EndGlobalSection
	GlobalSection(SolutionProperties) = preSolution
		HideSolutionNode = FALSE
	EndGlobalSection
	GlobalSection(ExtensibilityGlobals) = postSolution
		SolutionGuid = {0AD6EE90-520D-41A8-9269-F3CCD682642A}
	EndGlobalSection
EndGlobal
