
Microsoft Visual Studio Solution File, Format Version 12.00
# Visual Studio Version 16
VisualStudioVersion = 16.0.31112.23
MinimumVisualStudioVersion = 10.0.40219.1
Project("{FAE04EC0-301F-11D3-BF4B-00C04F79EFBC}") = "class07", "class07\class07.csproj", "{992AF148-716D-42AB-BAF2-65EC69823392}"
EndProject
Global
	GlobalSection(SolutionConfigurationPlatforms) = preSolution
		Debug|Any CPU = Debug|Any CPU
		Release|Any CPU = Release|Any CPU
	EndGlobalSection
	GlobalSection(ProjectConfigurationPlatforms) = postSolution
		{992AF148-716D-42AB-BAF2-65EC69823392}.Debug|Any CPU.ActiveCfg = Debug|Any CPU
		{992AF148-716D-42AB-BAF2-65EC69823392}.Debug|Any CPU.Build.0 = Debug|Any CPU
		{992AF148-716D-42AB-BAF2-65EC69823392}.Release|Any CPU.ActiveCfg = Release|Any CPU
		{992AF148-716D-42AB-BAF2-65EC69823392}.Release|Any CPU.Build.0 = Release|Any CPU
	EndGlobalSection
	GlobalSection(SolutionProperties) = preSolution
		HideSolutionNode = FALSE
	EndGlobalSection
	GlobalSection(ExtensibilityGlobals) = postSolution
		SolutionGuid = {6F8B4D71-7F11-401C-B623-E5C0465BCF13}
	EndGlobalSection
EndGlobal
